
Microsoft Visual Studio Solution File, Format Version 12.00
# Visual Studio Version 16
VisualStudioVersion = 16.0.30011.22
MinimumVisualStudioVersion = 10.0.40219.1
Project("{9A19103F-16F7-4668-BE54-9A1E7A4F7556}") = "EventStoreConsoleTest", "EventStoreConsoleTest.csproj", "{C16C1CB7-6AD1-4733-A432-D97262A28362}"
EndProject
Global
	GlobalSection(SolutionConfigurationPlatforms) = preSolution
		Debug|Any CPU = Debug|Any CPU
		Release|Any CPU = Release|Any CPU
	EndGlobalSection
	GlobalSection(ProjectConfigurationPlatforms) = postSolution
		{C16C1CB7-6AD1-4733-A432-D97262A28362}.Debug|Any CPU.ActiveCfg = Debug|Any CPU
		{C16C1CB7-6AD1-4733-A432-D97262A28362}.Debug|Any CPU.Build.0 = Debug|Any CPU
		{C16C1CB7-6AD1-4733-A432-D97262A28362}.Release|Any CPU.ActiveCfg = Release|Any CPU
		{C16C1CB7-6AD1-4733-A432-D97262A28362}.Release|Any CPU.Build.0 = Release|Any CPU
	EndGlobalSection
	GlobalSection(SolutionProperties) = preSolution
		HideSolutionNode = FALSE
	EndGlobalSection
	GlobalSection(ExtensibilityGlobals) = postSolution
		SolutionGuid = {CED253C8-58A7-4791-9680-68F5BCFE5028}
	EndGlobalSection
EndGlobal
